
Microsoft Visual Studio Solution File, Format Version 12.00
# Visual Studio 15
VisualStudioVersion = 15.0.28307.136
MinimumVisualStudioVersion = 10.0.40219.1
Project("{FAE04EC0-301F-11D3-BF4B-00C04F79EFBC}") = "CircuitBreaker.Domain", "src\CircuitBreaker.Domain\CircuitBreaker.Domain.csproj", "{E6FFC4BE-D42B-4CB5-9450-609302C796FC}"
EndProject
Project("{FAE04EC0-301F-11D3-BF4B-00C04F79EFBC}") = "CircuitBreaker.Domain.UnitTests", "tests\CircuitBreaker.Domain.UnitTests\CircuitBreaker.Domain.UnitTests.csproj", "{1B761515-503E-41BB-A4BE-B5763B5956D5}"
EndProject
Project("{2150E333-8FDC-42A3-9474-1A3956D46DE8}") = "Solution Items", "Solution Items", "{A19A6425-DCDF-485C-B725-CB20DCDFA8E5}"
	ProjectSection(SolutionItems) = preProject
		README.md = README.md
	EndProjectSection
EndProject
Global
	GlobalSection(SolutionConfigurationPlatforms) = preSolution
		Debug|Any CPU = Debug|Any CPU
		Release|Any CPU = Release|Any CPU
	EndGlobalSection
	GlobalSection(ProjectConfigurationPlatforms) = postSolution
		{E6FFC4BE-D42B-4CB5-9450-609302C796FC}.Debug|Any CPU.ActiveCfg = Debug|Any CPU
		{E6FFC4BE-D42B-4CB5-9450-609302C796FC}.Debug|Any CPU.Build.0 = Debug|Any CPU
		{E6FFC4BE-D42B-4CB5-9450-609302C796FC}.Release|Any CPU.ActiveCfg = Release|Any CPU
		{E6FFC4BE-D42B-4CB5-9450-609302C796FC}.Release|Any CPU.Build.0 = Release|Any CPU
		{1B761515-503E-41BB-A4BE-B5763B5956D5}.Debug|Any CPU.ActiveCfg = Debug|Any CPU
		{1B761515-503E-41BB-A4BE-B5763B5956D5}.Debug|Any CPU.Build.0 = Debug|Any CPU
		{1B761515-503E-41BB-A4BE-B5763B5956D5}.Release|Any CPU.ActiveCfg = Release|Any CPU
		{1B761515-503E-41BB-A4BE-B5763B5956D5}.Release|Any CPU.Build.0 = Release|Any CPU
	EndGlobalSection
	GlobalSection(SolutionProperties) = preSolution
		HideSolutionNode = FALSE
	EndGlobalSection
	GlobalSection(ExtensibilityGlobals) = postSolution
		SolutionGuid = {6B356F19-BBD7-4061-8930-E8E39A3619A5}
	EndGlobalSection
EndGlobal
